
Microsoft Visual Studio Solution File, Format Version 12.00
# Visual Studio Version 16
VisualStudioVersion = 16.0.31129.286
MinimumVisualStudioVersion = 10.0.40219.1
Project("{FAE04EC0-301F-11D3-BF4B-00C04F79EFBC}") = "Rocket_Elevators_Customer_Portal", "Rocket_Elevators_Customer_Portal.csproj", "{FAA5AAD1-B940-45BA-967E-98202B7F0439}"
EndProject
Global
	GlobalSection(SolutionConfigurationPlatforms) = preSolution
		Debug|Any CPU = Debug|Any CPU
		Release|Any CPU = Release|Any CPU
	EndGlobalSection
	GlobalSection(ProjectConfigurationPlatforms) = postSolution
		{FAA5AAD1-B940-45BA-967E-98202B7F0439}.Debug|Any CPU.ActiveCfg = Debug|Any CPU
		{FAA5AAD1-B940-45BA-967E-98202B7F0439}.Debug|Any CPU.Build.0 = Debug|Any CPU
		{FAA5AAD1-B940-45BA-967E-98202B7F0439}.Release|Any CPU.ActiveCfg = Release|Any CPU
		{FAA5AAD1-B940-45BA-967E-98202B7F0439}.Release|Any CPU.Build.0 = Release|Any CPU
	EndGlobalSection
	GlobalSection(SolutionProperties) = preSolution
		HideSolutionNode = FALSE
	EndGlobalSection
	GlobalSection(ExtensibilityGlobals) = postSolution
		SolutionGuid = {958AE2A8-98E6-4DAB-BCAB-83068305D1D5}
	EndGlobalSection
EndGlobal
